
Microsoft Visual Studio Solution File, Format Version 12.00
# Visual Studio Version 17
VisualStudioVersion = 17.5.33627.172
MinimumVisualStudioVersion = 10.0.40219.1
Project("{FAE04EC0-301F-11D3-BF4B-00C04F79EFBC}") = "BackEnd", "BackEnd\BackEnd.csproj", "{00FDA686-9BC1-43D1-9646-8837672A79EB}"
EndProject
Project("{FAE04EC0-301F-11D3-BF4B-00C04F79EFBC}") = "FrontEnd", "FrontEnd\FrontEnd.csproj", "{9A439672-D943-46B6-AD88-6F49AE468817}"
EndProject
Global
	GlobalSection(SolutionConfigurationPlatforms) = preSolution
		Debug|Any CPU = Debug|Any CPU
		Release|Any CPU = Release|Any CPU
	EndGlobalSection
	GlobalSection(ProjectConfigurationPlatforms) = postSolution
		{00FDA686-9BC1-43D1-9646-8837672A79EB}.Debug|Any CPU.ActiveCfg = Debug|Any CPU
		{00FDA686-9BC1-43D1-9646-8837672A79EB}.Debug|Any CPU.Build.0 = Debug|Any CPU
		{00FDA686-9BC1-43D1-9646-8837672A79EB}.Release|Any CPU.ActiveCfg = Release|Any CPU
		{00FDA686-9BC1-43D1-9646-8837672A79EB}.Release|Any CPU.Build.0 = Release|Any CPU
		{9A439672-D943-46B6-AD88-6F49AE468817}.Debug|Any CPU.ActiveCfg = Debug|Any CPU
		{9A439672-D943-46B6-AD88-6F49AE468817}.Debug|Any CPU.Build.0 = Debug|Any CPU
		{9A439672-D943-46B6-AD88-6F49AE468817}.Release|Any CPU.ActiveCfg = Release|Any CPU
		{9A439672-D943-46B6-AD88-6F49AE468817}.Release|Any CPU.Build.0 = Release|Any CPU
	EndGlobalSection
	GlobalSection(SolutionProperties) = preSolution
		HideSolutionNode = FALSE
	EndGlobalSection
	GlobalSection(ExtensibilityGlobals) = postSolution
		SolutionGuid = {954EABD5-6952-4A6E-8347-830D5EE87B3C}
	EndGlobalSection
EndGlobal
